
Microsoft Visual Studio Solution File, Format Version 12.00
# Visual Studio Version 17
VisualStudioVersion = 17.8.34309.116
MinimumVisualStudioVersion = 10.0.40219.1
Project("{2150E333-8FDC-42A3-9474-1A3956D46DE8}") = "Solution Items", "Solution Items", "{36440FA5-1459-457C-989F-6BF672DE3438}"
	ProjectSection(SolutionItems) = preProject
		.editorconfig = .editorconfig
	EndProjectSection
EndProject
Project("{9A19103F-16F7-4668-BE54-9A1E7A4F7556}") = "AclExperiments", "src\AclExperiments\AclExperiments.csproj", "{4060CC6D-E878-41E9-B1B1-FC6F35327414}"
EndProject
Project("{9A19103F-16F7-4668-BE54-9A1E7A4F7556}") = "AclExperiments.Tests", "src\AclExperiments.Tests\AclExperiments.Tests.csproj", "{441BF3C7-6B7E-4AB9-9161-B4E80F028C85}"
EndProject
Project("{00D1A9C2-B5F0-4AF3-8072-F6C62B433612}") = "AclExperiments.SSDT", "src\AclExperiments.SSDT\AclExperiments.SSDT.sqlproj", "{FF88DD79-ABA3-43DE-8903-E70A63942D13}"
EndProject
Global
	GlobalSection(SolutionConfigurationPlatforms) = preSolution
		Debug|Any CPU = Debug|Any CPU
		Release|Any CPU = Release|Any CPU
	EndGlobalSection
	GlobalSection(ProjectConfigurationPlatforms) = postSolution
		{4060CC6D-E878-41E9-B1B1-FC6F35327414}.Debug|Any CPU.ActiveCfg = Debug|Any CPU
		{4060CC6D-E878-41E9-B1B1-FC6F35327414}.Debug|Any CPU.Build.0 = Debug|Any CPU
		{4060CC6D-E878-41E9-B1B1-FC6F35327414}.Release|Any CPU.ActiveCfg = Release|Any CPU
		{4060CC6D-E878-41E9-B1B1-FC6F35327414}.Release|Any CPU.Build.0 = Release|Any CPU
		{441BF3C7-6B7E-4AB9-9161-B4E80F028C85}.Debug|Any CPU.ActiveCfg = Debug|Any CPU
		{441BF3C7-6B7E-4AB9-9161-B4E80F028C85}.Debug|Any CPU.Build.0 = Debug|Any CPU
		{441BF3C7-6B7E-4AB9-9161-B4E80F028C85}.Release|Any CPU.ActiveCfg = Release|Any CPU
		{441BF3C7-6B7E-4AB9-9161-B4E80F028C85}.Release|Any CPU.Build.0 = Release|Any CPU
		{FF88DD79-ABA3-43DE-8903-E70A63942D13}.Debug|Any CPU.ActiveCfg = Debug|Any CPU
		{FF88DD79-ABA3-43DE-8903-E70A63942D13}.Debug|Any CPU.Build.0 = Debug|Any CPU
		{FF88DD79-ABA3-43DE-8903-E70A63942D13}.Debug|Any CPU.Deploy.0 = Debug|Any CPU
		{FF88DD79-ABA3-43DE-8903-E70A63942D13}.Release|Any CPU.ActiveCfg = Release|Any CPU
		{FF88DD79-ABA3-43DE-8903-E70A63942D13}.Release|Any CPU.Build.0 = Release|Any CPU
		{FF88DD79-ABA3-43DE-8903-E70A63942D13}.Release|Any CPU.Deploy.0 = Release|Any CPU
	EndGlobalSection
	GlobalSection(SolutionProperties) = preSolution
		HideSolutionNode = FALSE
	EndGlobalSection
	GlobalSection(ExtensibilityGlobals) = postSolution
		SolutionGuid = {742AC75D-03CE-49B2-8A26-AF09078882CA}
	EndGlobalSection
EndGlobal
